lockfileVersion: '9.0'

settings:
  autoInstallPeers: true
  excludeLinksFromLockfile: false

importers:

  .:
    dependencies:
      canvaskit-wasm:
        specifier: latest
        version: 0.40.0
    devDependencies:
      typescript:
        specifier: ^5
        version: 5.9.3

packages:

  '@webgpu/types@0.1.21':
    resolution: {integrity: sha512-pUrWq3V5PiSGFLeLxoGqReTZmiiXwY3jRkIG5sLLKjyqNxrwm/04b4nw7LSmGWJcKk59XOM/YRTUwOzo4MMlow==}

  canvaskit-wasm@0.40.0:
    resolution: {integrity: sha512-Od2o+ZmoEw9PBdN/yCGvzfu0WVqlufBPEWNG452wY7E9aT8RBE+ChpZF526doOlg7zumO4iCS+RAeht4P0Gbpw==}

  typescript@5.9.3:
    resolution: {integrity: sha512-jl1vZzPDinLr9eUt3J/t7V6FgNEw9QjvBPdysz9KfQDD41fQrC2Y4vKQdiaUpFT4bXlb1RHhLpp8wtm6M5TgSw==}
    engines: {node: '>=14.17'}
    hasBin: true

snapshots:

  '@webgpu/types@0.1.21': {}

  canvaskit-wasm@0.40.0:
    dependencies:
      '@webgpu/types': 0.1.21

  typescript@5.9.3: {}
